
Microsoft Visual Studio Solution File, Format Version 12.00
# Visual Studio Version 17
VisualStudioVersion = 17.8.34322.80
MinimumVisualStudioVersion = 10.0.40219.1
Project("{FAE04EC0-301F-11D3-BF4B-00C04F79EFBC}") = "FallingParticles", "FallingParticles\FallingParticles.csproj", "{F5EE9C77-AA9E-4EA5-BDE9-E0C3A1371720}"
EndProject
Global
	GlobalSection(SolutionConfigurationPlatforms) = preSolution
		Debug|Any CPU = Debug|Any CPU
		Release|Any CPU = Release|Any CPU
	EndGlobalSection
	GlobalSection(ProjectConfigurationPlatforms) = postSolution
		{F5EE9C77-AA9E-4EA5-BDE9-E0C3A1371720}.Debug|Any CPU.ActiveCfg = Debug|Any CPU
		{F5EE9C77-AA9E-4EA5-BDE9-E0C3A1371720}.Debug|Any CPU.Build.0 = Debug|Any CPU
		{F5EE9C77-AA9E-4EA5-BDE9-E0C3A1371720}.Release|Any CPU.ActiveCfg = Release|Any CPU
		{F5EE9C77-AA9E-4EA5-BDE9-E0C3A1371720}.Release|Any CPU.Build.0 = Release|Any CPU
	EndGlobalSection
	GlobalSection(SolutionProperties) = preSolution
		HideSolutionNode = FALSE
	EndGlobalSection
	GlobalSection(ExtensibilityGlobals) = postSolution
		SolutionGuid = {8CD38A02-AC55-48B9-8A7B-9F6B09AA0520}
	EndGlobalSection
EndGlobal
